{
  "nodes": {
    "home-manager": {
      "inputs": {
        "nixpkgs": [
          "nixpkgs"
        ]
      },
      "locked": {
        "lastModified": 1776184304,
        "narHash": "sha256-No6QGBmIv5ChiwKCcbkxjdEQ/RO2ZS1gD7SFy6EZ7rc=",
        "owner": "nix-community",
        "repo": "home-manager",
        "rev": "3c7524c68348ef79ce48308e0978611a050089b2",
        "type": "github"
      },
      "original": {
        "owner": "nix-community",
        "repo": "home-manager",
        "type": "github"
      }
    },
    "nixpkgs": {
      "locked": {
        "lastModified": 1776169885,
        "narHash": "sha256-l/iNYDZ4bGOAFQY2q8y5OAfBBtrDAaPuRQqWaFHVRXM=",
        "owner": "nixos",
        "repo": "nixpkgs",
        "rev": "4bd9165a9165d7b5e33ae57f3eecbcb28fb231c9",
        "type": "github"
      },
      "original": {
        "owner": "nixos",
        "ref": "nixos-unstable",
        "repo": "nixpkgs",
        "type": "github"
      }
    },
    "nixpkgs_2": {
      "locked": {
        "lastModified": 1775423009,
        "narHash": "sha256-vPKLpjhIVWdDrfiUM8atW6YkIggCEKdSAlJPzzhkQlw=",
        "owner": "nixos",
        "repo": "nixpkgs",
        "rev": "68d8aa3d661f0e6bd5862291b5bb263b2a6595c9",
        "type": "github"
      },
      "original": {
        "owner": "nixos",
        "ref": "nixos-unstable",
        "repo": "nixpkgs",
        "type": "github"
      }
    },
    "root": {
      "inputs": {
        "home-manager": "home-manager",
        "nixpkgs": "nixpkgs",
        "treesitter-src": "treesitter-src",
        "zen-browser": "zen-browser"
      }
    },
    "treesitter-src": {
      "flake": false,
      "locked": {
        "lastModified": 1776406805,
        "narHash": "sha256-W9TIxxnfnlk+3SK5338Jqdj/H0VTGwWkspG4H1Rbxug=",
        "owner": "tree-sitter",
        "repo": "tree-sitter",
        "rev": "aff9b9d92e628bdb159189b7066baa00e8f7535e",
        "type": "github"
      },
      "original": {
        "owner": "tree-sitter",
        "repo": "tree-sitter",
        "type": "github"
      }
    },
    "zen-browser": {
      "inputs": {
        "nixpkgs": "nixpkgs_2"
      },
      "locked": {
        "lastModified": 1775710180,
        "narHash": "sha256-sCokvdNvl8zIzsnjgG0TN5h3RUI7GJyWW9ErfmEj0rM=",
        "owner": "youwen5",
        "repo": "zen-browser-flake",
        "rev": "2c138beb648d1cbbfae76695a8230ee04e4db25a",
        "type": "github"
      },
      "original": {
        "owner": "youwen5",
        "repo": "zen-browser-flake",
        "type": "github"
      }
    }
  },
  "root": "root",
  "version": 7
}
